
Microsoft Visual Studio Solution File, Format Version 12.00
# Visual Studio Version 17
VisualStudioVersion = 17.4.33205.214
MinimumVisualStudioVersion = 10.0.40219.1
Project("{FAE04EC0-301F-11D3-BF4B-00C04F79EFBC}") = "PersonasAPI", "PersonasAPI\PersonasAPI.csproj", "{B2701E48-175F-429D-815B-B383FF864AF1}"
EndProject
Global
	GlobalSection(SolutionConfigurationPlatforms) = preSolution
		Debug|Any CPU = Debug|Any CPU
		Release|Any CPU = Release|Any CPU
	EndGlobalSection
	GlobalSection(ProjectConfigurationPlatforms) = postSolution
		{B2701E48-175F-429D-815B-B383FF864AF1}.Debug|Any CPU.ActiveCfg = Debug|Any CPU
		{B2701E48-175F-429D-815B-B383FF864AF1}.Debug|Any CPU.Build.0 = Debug|Any CPU
		{B2701E48-175F-429D-815B-B383FF864AF1}.Release|Any CPU.ActiveCfg = Release|Any CPU
		{B2701E48-175F-429D-815B-B383FF864AF1}.Release|Any CPU.Build.0 = Release|Any CPU
	EndGlobalSection
	GlobalSection(SolutionProperties) = preSolution
		HideSolutionNode = FALSE
	EndGlobalSection
	GlobalSection(ExtensibilityGlobals) = postSolution
		SolutionGuid = {EE633714-C8EE-430E-BE7A-C107881FAEDA}
	EndGlobalSection
EndGlobal
